
Microsoft Visual Studio Solution File, Format Version 12.00
# Visual Studio Version 17
VisualStudioVersion = 17.13.35825.156 d17.13
MinimumVisualStudioVersion = 10.0.40219.1
Project("{FAE04EC0-301F-11D3-BF4B-00C04F79EFBC}") = "tpmodul5_103022300163", "tpmodul5_103022300163\tpmodul5_103022300163.csproj", "{2AB0F947-9951-466B-B808-3BF4587FA681}"
EndProject
Global
	GlobalSection(SolutionConfigurationPlatforms) = preSolution
		Debug|Any CPU = Debug|Any CPU
		Release|Any CPU = Release|Any CPU
	EndGlobalSection
	GlobalSection(ProjectConfigurationPlatforms) = postSolution
		{2AB0F947-9951-466B-B808-3BF4587FA681}.Debug|Any CPU.ActiveCfg = Debug|Any CPU
		{2AB0F947-9951-466B-B808-3BF4587FA681}.Debug|Any CPU.Build.0 = Debug|Any CPU
		{2AB0F947-9951-466B-B808-3BF4587FA681}.Release|Any CPU.ActiveCfg = Release|Any CPU
		{2AB0F947-9951-466B-B808-3BF4587FA681}.Release|Any CPU.Build.0 = Release|Any CPU
	EndGlobalSection
	GlobalSection(SolutionProperties) = preSolution
		HideSolutionNode = FALSE
	EndGlobalSection
	GlobalSection(ExtensibilityGlobals) = postSolution
		SolutionGuid = {B48CDD70-981B-4472-AB62-F1EFE516AD40}
	EndGlobalSection
EndGlobal
